
Microsoft Visual Studio Solution File, Format Version 12.00
# Visual Studio Version 17
VisualStudioVersion = 17.6.33829.357
MinimumVisualStudioVersion = 10.0.40219.1
Project("{FAE04EC0-301F-11D3-BF4B-00C04F79EFBC}") = "TestNet6", "TestNet6.csproj", "{672A20BD-48FA-4B18-84F2-96FF511EB109}"
EndProject
Global
	GlobalSection(SolutionConfigurationPlatforms) = preSolution
		Debug|Any CPU = Debug|Any CPU
		Release|Any CPU = Release|Any CPU
	EndGlobalSection
	GlobalSection(ProjectConfigurationPlatforms) = postSolution
		{672A20BD-48FA-4B18-84F2-96FF511EB109}.Debug|Any CPU.ActiveCfg = Debug|Any CPU
		{672A20BD-48FA-4B18-84F2-96FF511EB109}.Debug|Any CPU.Build.0 = Debug|Any CPU
		{672A20BD-48FA-4B18-84F2-96FF511EB109}.Release|Any CPU.ActiveCfg = Release|Any CPU
		{672A20BD-48FA-4B18-84F2-96FF511EB109}.Release|Any CPU.Build.0 = Release|Any CPU
	EndGlobalSection
	GlobalSection(SolutionProperties) = preSolution
		HideSolutionNode = FALSE
	EndGlobalSection
	GlobalSection(ExtensibilityGlobals) = postSolution
		SolutionGuid = {F9795DB1-0B91-45DE-BAEB-4BEA724CF754}
	EndGlobalSection
EndGlobal
